
Microsoft Visual Studio Solution File, Format Version 12.00
# Visual Studio Version 17
VisualStudioVersion = 17.5.33414.496
MinimumVisualStudioVersion = 10.0.40219.1
Project("{FAE04EC0-301F-11D3-BF4B-00C04F79EFBC}") = "PokemonReviewApp", "PokemonReviewApp.csproj", "{F2FD9015-6792-4D52-B04A-47F793EB6068}"
EndProject
Global
	GlobalSection(SolutionConfigurationPlatforms) = preSolution
		Debug|Any CPU = Debug|Any CPU
		Release|Any CPU = Release|Any CPU
	EndGlobalSection
	GlobalSection(ProjectConfigurationPlatforms) = postSolution
		{F2FD9015-6792-4D52-B04A-47F793EB6068}.Debug|Any CPU.ActiveCfg = Debug|Any CPU
		{F2FD9015-6792-4D52-B04A-47F793EB6068}.Debug|Any CPU.Build.0 = Debug|Any CPU
		{F2FD9015-6792-4D52-B04A-47F793EB6068}.Release|Any CPU.ActiveCfg = Release|Any CPU
		{F2FD9015-6792-4D52-B04A-47F793EB6068}.Release|Any CPU.Build.0 = Release|Any CPU
	EndGlobalSection
	GlobalSection(SolutionProperties) = preSolution
		HideSolutionNode = FALSE
	EndGlobalSection
	GlobalSection(ExtensibilityGlobals) = postSolution
		SolutionGuid = {77425075-DCA5-4D8F-8F17-780CA9CE225A}
	EndGlobalSection
EndGlobal
